
Microsoft Visual Studio Solution File, Format Version 12.00
# Visual Studio Version 16
VisualStudioVersion = 16.0.30621.155
MinimumVisualStudioVersion = 10.0.40219.1
Project("{FAE04EC0-301F-11D3-BF4B-00C04F79EFBC}") = "Codecool.Shop.ASP.NET", "Codecool.Shop.ASP.NET\Codecool.Shop.ASP.NET.csproj", "{3A1D177E-B0B1-4755-8E0A-84320E63D4AA}"
EndProject
Project("{FAE04EC0-301F-11D3-BF4B-00C04F79EFBC}") = "Codecool.Shop.Domain", "Codecool.Shop.Domain\Codecool.Shop.Domain.csproj", "{EF79151B-CD06-43C4-9243-C7ED9440FF45}"
EndProject
Project("{FAE04EC0-301F-11D3-BF4B-00C04F79EFBC}") = "Codecool.Shop.Data", "Codecool.Shop.Data\Codecool.Shop.Data.csproj", "{C1DAC26C-CF5D-4686-A175-0D613E0B3B56}"
EndProject
Project("{FAE04EC0-301F-11D3-BF4B-00C04F79EFBC}") = "Util", "Util\Util.csproj", "{003FE66B-0094-470B-A8F2-FDD06164A9D6}"
EndProject
Project("{FAE04EC0-301F-11D3-BF4B-00C04F79EFBC}") = "NUnit.Testing", "NUnit.Testing\NUnit.Testing.csproj", "{901C2383-4395-4DD7-B783-039A941A688D}"
EndProject
Global
	GlobalSection(SolutionConfigurationPlatforms) = preSolution
		Debug|Any CPU = Debug|Any CPU
		Release|Any CPU = Release|Any CPU
	EndGlobalSection
	GlobalSection(ProjectConfigurationPlatforms) = postSolution
		{3A1D177E-B0B1-4755-8E0A-84320E63D4AA}.Debug|Any CPU.ActiveCfg = Debug|Any CPU
		{3A1D177E-B0B1-4755-8E0A-84320E63D4AA}.Debug|Any CPU.Build.0 = Debug|Any CPU
		{3A1D177E-B0B1-4755-8E0A-84320E63D4AA}.Release|Any CPU.ActiveCfg = Release|Any CPU
		{3A1D177E-B0B1-4755-8E0A-84320E63D4AA}.Release|Any CPU.Build.0 = Release|Any CPU
		{EF79151B-CD06-43C4-9243-C7ED9440FF45}.Debug|Any CPU.ActiveCfg = Debug|Any CPU
		{EF79151B-CD06-43C4-9243-C7ED9440FF45}.Debug|Any CPU.Build.0 = Debug|Any CPU
		{EF79151B-CD06-43C4-9243-C7ED9440FF45}.Release|Any CPU.ActiveCfg = Release|Any CPU
		{EF79151B-CD06-43C4-9243-C7ED9440FF45}.Release|Any CPU.Build.0 = Release|Any CPU
		{C1DAC26C-CF5D-4686-A175-0D613E0B3B56}.Debug|Any CPU.ActiveCfg = Debug|Any CPU
		{C1DAC26C-CF5D-4686-A175-0D613E0B3B56}.Debug|Any CPU.Build.0 = Debug|Any CPU
		{C1DAC26C-CF5D-4686-A175-0D613E0B3B56}.Release|Any CPU.ActiveCfg = Release|Any CPU
		{C1DAC26C-CF5D-4686-A175-0D613E0B3B56}.Release|Any CPU.Build.0 = Release|Any CPU
		{003FE66B-0094-470B-A8F2-FDD06164A9D6}.Debug|Any CPU.ActiveCfg = Debug|Any CPU
		{003FE66B-0094-470B-A8F2-FDD06164A9D6}.Debug|Any CPU.Build.0 = Debug|Any CPU
		{003FE66B-0094-470B-A8F2-FDD06164A9D6}.Release|Any CPU.ActiveCfg = Release|Any CPU
		{003FE66B-0094-470B-A8F2-FDD06164A9D6}.Release|Any CPU.Build.0 = Release|Any CPU
		{901C2383-4395-4DD7-B783-039A941A688D}.Debug|Any CPU.ActiveCfg = Debug|Any CPU
		{901C2383-4395-4DD7-B783-039A941A688D}.Debug|Any CPU.Build.0 = Debug|Any CPU
		{901C2383-4395-4DD7-B783-039A941A688D}.Release|Any CPU.ActiveCfg = Release|Any CPU
		{901C2383-4395-4DD7-B783-039A941A688D}.Release|Any CPU.Build.0 = Release|Any CPU
	EndGlobalSection
	GlobalSection(SolutionProperties) = preSolution
		HideSolutionNode = FALSE
	EndGlobalSection
	GlobalSection(ExtensibilityGlobals) = postSolution
		SolutionGuid = {0A526C55-DE34-45AF-BCEA-EE3363B2AD50}
	EndGlobalSection
EndGlobal
